// !$*UTF8*$!
{
	archiveVersion = 1;
	classes = {
	};
	objectVersion = 46;
	objects = {

/* Begin PBXBuildFile section */
		9CE9D159041FEB5F9D34693A /* Pods_pokedex.framework in Frameworks */ = {isa = PBXBuildFile; fileRef = F1A9B3508E83A15BE3A69207 /* Pods_pokedex.framework */; };
		AE063D0D1CB5E28500FED27B /* AppDelegate.swift in Sources */ = {isa = PBXBuildFile; fileRef = AE063D0C1CB5E28500FED27B /* AppDelegate.swift */; };
		AE063D0F1CB5E28500FED27B /* ViewController.swift in Sources */ = {isa = PBXBuildFile; fileRef = AE063D0E1CB5E28500FED27B /* ViewController.swift */; };
		AE063D121CB5E28500FED27B /* Main.storyboard in Resources */ = {isa = PBXBuildFile; fileRef = AE063D101CB5E28500FED27B /* Main.storyboard */; };
		AE063D141CB5E28500FED27B /* Assets.xcassets in Resources */ = {isa = PBXBuildFile; fileRef = AE063D131CB5E28500FED27B /* Assets.xcassets */; };
		AE063D171CB5E28500FED27B /* LaunchScreen.storyboard in Resources */ = {isa = PBXBuildFile; fileRef = AE063D151CB5E28500FED27B /* LaunchScreen.storyboard */; };
		AE063D1F1CB5E41000FED27B /* pokemon.csv in Resources */ = {isa = PBXBuildFile; fileRef = AE063D1E1CB5E41000FED27B /* pokemon.csv */; };
		AE063D221CB5E57D00FED27B /* Pokemon.swift in Sources */ = {isa = PBXBuildFile; fileRef = AE063D211CB5E57D00FED27B /* Pokemon.swift */; };
		AE063D251CB5ECDB00FED27B /* PokeCell.swift in Sources */ = {isa = PBXBuildFile; fileRef = AE063D241CB5ECDB00FED27B /* PokeCell.swift */; };
		AE07C3D61CB9D0A800427410 /* Constants.swift in Sources */ = {isa = PBXBuildFile; fileRef = AE07C3D51CB9D0A800427410 /* Constants.swift */; };
		AE29C8D81CB82ACF00769AB0 /* PokemonDetailVC.swift in Sources */ = {isa = PBXBuildFile; fileRef = AE29C8D71CB82ACF00769AB0 /* PokemonDetailVC.swift */; };
		AE489DAE1CB61B89009B7143 /* csv.swift in Sources */ = {isa = PBXBuildFile; fileRef = AE489DAD1CB61B89009B7143 /* csv.swift */; };
		AE489DB31CB620B4009B7143 /* pokemonFont.ttf in Resources */ = {isa = PBXBuildFile; fileRef = AE489DB21CB620B4009B7143 /* pokemonFont.ttf */; };
		AE489DB51CB62273009B7143 /* music.mp3 in Resources */ = {isa = PBXBuildFile; fileRef = AE489DB41CB62273009B7143 /* music.mp3 */; };
/* End PBXBuildFile section */

/* Begin PBXFileReference section */
		5337AB6AE96010ABD86A9721 /* Pods-pokedex.release.xcconfig */ = {isa = PBXFileReference; includeInIndex = 1; lastKnownFileType = text.xcconfig; name = "Pods-pokedex.release.xcconfig"; path = "Pods/Target Support Files/Pods-pokedex/Pods-pokedex.release.xcconfig"; sourceTree = "<group>"; };
		5DD5B7C2429C8FE0A77B44AA /* Pods-pokedex.debug.xcconfig */ = {isa = PBXFileReference; includeInIndex = 1; lastKnownFileType = text.xcconfig; name = "Pods-pokedex.debug.xcconfig"; path = "Pods/Target Support Files/Pods-pokedex/Pods-pokedex.debug.xcconfig"; sourceTree = "<group>"; };
		AE063D091CB5E28500FED27B /* pokedex.app */ = {isa = PBXFileReference; explicitFileType = wrapper.application; includeInIndex = 0; path = pokedex.app; sourceTree = BUILT_PRODUCTS_DIR; };
		AE063D0C1CB5E28500FED27B /* AppDelegate.swift */ = {isa = PBXFileReference; lastKnownFileType = sourcecode.swift; path = AppDelegate.swift; sourceTree = "<group>"; };
		AE063D0E1CB5E28500FED27B /* ViewController.swift */ = {isa = PBXFileReference; lastKnownFileType = sourcecode.swift; path = ViewController.swift; sourceTree = "<group>"; };
		AE063D111CB5E28500FED27B /* Base */ = {isa = PBXFileReference; lastKnownFileType = file.storyboard; name = Base; path = Base.lproj/Main.storyboard; sourceTree = "<group>"; };
		AE063D131CB5E28500FED27B /* Assets.xcassets */ = {isa = PBXFileReference; lastKnownFileType = folder.assetcatalog; path = Assets.xcassets; sourceTree = "<group>"; };
		AE063D161CB5E28500FED27B /* Base */ = {isa = PBXFileReference; lastKnownFileType = file.storyboard; name = Base; path = Base.lproj/LaunchScreen.storyboard; sourceTree = "<group>"; };
		AE063D181CB5E28500FED27B /* Info.plist */ = {isa = PBXFileReference; lastKnownFileType = text.plist.xml; path = Info.plist; sourceTree = "<group>"; };
		AE063D1E1CB5E41000FED27B /* pokemon.csv */ = {isa = PBXFileReference; fileEncoding = 4; lastKnownFileType = text; path = pokemon.csv; sourceTree = "<group>"; };
		AE063D211CB5E57D00FED27B /* Pokemon.swift */ = {isa = PBXFileReference; fileEncoding = 4; lastKnownFileType = sourcecode.swift; path = Pokemon.swift; sourceTree = "<group>"; };
		AE063D241CB5ECDB00FED27B /* PokeCell.swift */ = {isa = PBXFileReference; fileEncoding = 4; lastKnownFileType = sourcecode.swift; path = PokeCell.swift; sourceTree = "<group>"; };
		AE07C3D51CB9D0A800427410 /* Constants.swift */ = {isa = PBXFileReference; fileEncoding = 4; lastKnownFileType = sourcecode.swift; path = Constants.swift; sourceTree = "<group>"; };
		AE29C8D71CB82ACF00769AB0 /* PokemonDetailVC.swift */ = {isa = PBXFileReference; fileEncoding = 4; lastKnownFileType = sourcecode.swift; path = PokemonDetailVC.swift; sourceTree = "<group>"; };
		AE489DAD1CB61B89009B7143 /* csv.swift */ = {isa = PBXFileReference; fileEncoding = 4; lastKnownFileType = sourcecode.swift; path = csv.swift; sourceTree = "<group>"; };
		AE489DB21CB620B4009B7143 /* pokemonFont.ttf */ = {isa = PBXFileReference; lastKnownFileType = file; path = pokemonFont.ttf; sourceTree = "<group>"; };
		AE489DB41CB62273009B7143 /* music.mp3 */ = {isa = PBXFileReference; lastKnownFileType = audio.mp3; path = music.mp3; sourceTree = "<group>"; };
		F1A9B3508E83A15BE3A69207 /* Pods_pokedex.framework */ = {isa = PBXFileReference; explicitFileType = wrapper.framework; includeInIndex = 0; path = Pods_pokedex.framework; sourceTree = BUILT_PRODUCTS_DIR; };
/* End PBXFileReference section */

/* Begin PBXFrameworksBuildPhase section */
		AE063D061CB5E28500FED27B /* Frameworks */ = {
			isa = PBXFrameworksBuildPhase;
			buildActionMask = 2147483647;
			files = (
				9CE9D159041FEB5F9D34693A /* Pods_pokedex.framework in Frameworks */,
			);
			runOnlyForDeploymentPostprocessing = 0;
		};
/* End PBXFrameworksBuildPhase section */

/* Begin PBXGroup section */
		98E01E7092D848CAFC41B538 /* Pods */ = {
			isa = PBXGroup;
			children = (
				5DD5B7C2429C8FE0A77B44AA /* Pods-pokedex.debug.xcconfig */,
				5337AB6AE96010ABD86A9721 /* Pods-pokedex.release.xcconfig */,
			);
			name = Pods;
			sourceTree = "<group>";
		};
		AE063D001CB5E28500FED27B = {
			isa = PBXGroup;
			children = (
				AE063D0B1CB5E28500FED27B /* pokedex */,
				AE063D0A1CB5E28500FED27B /* Products */,
				98E01E7092D848CAFC41B538 /* Pods */,
				D53ECBFC0D226CCCF2F685C0 /* Frameworks */,
			);
			sourceTree = "<group>";
		};
		AE063D0A1CB5E28500FED27B /* Products */ = {
			isa = PBXGroup;
			children = (
				AE063D091CB5E28500FED27B /* pokedex.app */,
			);
			name = Products;
			sourceTree = "<group>";
		};
		AE063D0B1CB5E28500FED27B /* pokedex */ = {
			isa = PBXGroup;
			children = (
				AE489DB11CB61BEC009B7143 /* Resources */,
				AE489DB01CB61BE0009B7143 /* Controller */,
				AE063D201CB5E57300FED27B /* Model */,
				AE063D231CB5ECB700FED27B /* View */,
				AE489DAF1CB61BBB009B7143 /* Util */,
				AE063D101CB5E28500FED27B /* Main.storyboard */,
				AE063D0C1CB5E28500FED27B /* AppDelegate.swift */,
				AE063D131CB5E28500FED27B /* Assets.xcassets */,
				AE063D151CB5E28500FED27B /* LaunchScreen.storyboard */,
				AE063D181CB5E28500FED27B /* Info.plist */,
			);
			path = pokedex;
			sourceTree = "<group>";
		};
		AE063D201CB5E57300FED27B /* Model */ = {
			isa = PBXGroup;
			children = (
				AE063D211CB5E57D00FED27B /* Pokemon.swift */,
			);
			name = Model;
			sourceTree = "<group>";
		};
		AE063D231CB5ECB700FED27B /* View */ = {
			isa = PBXGroup;
			children = (
				AE063D241CB5ECDB00FED27B /* PokeCell.swift */,
			);
			name = View;
			sourceTree = "<group>";
		};
		AE489DAF1CB61BBB009B7143 /* Util */ = {
			isa = PBXGroup;
			children = (
				AE489DAD1CB61B89009B7143 /* csv.swift */,
				AE07C3D51CB9D0A800427410 /* Constants.swift */,
			);
			name = Util;
			sourceTree = "<group>";
		};
		AE489DB01CB61BE0009B7143 /* Controller */ = {
			isa = PBXGroup;
			children = (
				AE063D0E1CB5E28500FED27B /* ViewController.swift */,
				AE29C8D71CB82ACF00769AB0 /* PokemonDetailVC.swift */,
			);
			name = Controller;
			sourceTree = "<group>";
		};
		AE489DB11CB61BEC009B7143 /* Resources */ = {
			isa = PBXGroup;
			children = (
				AE489DB41CB62273009B7143 /* music.mp3 */,
				AE489DB21CB620B4009B7143 /* pokemonFont.ttf */,
				AE063D1E1CB5E41000FED27B /* pokemon.csv */,
			);
			name = Resources;
			sourceTree = "<group>";
		};
		D53ECBFC0D226CCCF2F685C0 /* Frameworks */ = {
			isa = PBXGroup;
			children = (
				F1A9B3508E83A15BE3A69207 /* Pods_pokedex.framework */,
			);
			name = Frameworks;
			sourceTree = "<group>";
		};
/* End PBXGroup section */

/* Begin PBXNativeTarget section */
		AE063D081CB5E28500FED27B /* pokedex */ = {
			isa = PBXNativeTarget;
			buildConfigurationList = AE063D1B1CB5E28500FED27B /* Build configuration list for PBXNativeTarget "pokedex" */;
			buildPhases = (
				2F8574E38A0BF81D857835A5 /* Check Pods Manifest.lock */,
				AE063D051CB5E28500FED27B /* Sources */,
				AE063D061CB5E28500FED27B /* Frameworks */,
				AE063D071CB5E28500FED27B /* Resources */,
				9E34187EAF5267ED724D946D /* Embed Pods Frameworks */,
				ECE193FF739CB5F87AA1B2AA /* Copy Pods Resources */,
			);
			buildRules = (
			);
			dependencies = (
			);
			name = pokedex;
			productName = pokedex;
			productReference = AE063D091CB5E28500FED27B /* pokedex.app */;
			productType = "com.apple.product-type.application";
		};
/* End PBXNativeTarget section */

/* Begin PBXProject section */
		AE063D011CB5E28500FED27B /* Project object */ = {
			isa = PBXProject;
			attributes = {
				LastSwiftUpdateCheck = 0730;
				LastUpgradeCheck = 0730;
				ORGANIZATIONNAME = "Eddie Keller";
				TargetAttributes = {
					AE063D081CB5E28500FED27B = {
						CreatedOnToolsVersion = 7.3;
					};
				};
			};
			buildConfigurationList = AE063D041CB5E28500FED27B /* Build configuration list for PBXProject "pokedex" */;
			compatibilityVersion = "Xcode 3.2";
			developmentRegion = English;
			hasScannedForEncodings = 0;
			knownRegions = (
				en,
				Base,
			);
			mainGroup = AE063D001CB5E28500FED27B;
			productRefGroup = AE063D0A1CB5E28500FED27B /* Products */;
			projectDirPath = "";
			projectRoot = "";
			targets = (
				AE063D081CB5E28500FED27B /* pokedex */,
			);
		};
/* End PBXProject section */

/* Begin PBXResourcesBuildPhase section */
		AE063D071CB5E28500FED27B /* Resources */ = {
			isa = PBXResourcesBuildPhase;
			buildActionMask = 2147483647;
			files = (
				AE063D171CB5E28500FED27B /* LaunchScreen.storyboard in Resources */,
				AE489DB31CB620B4009B7143 /* pokemonFont.ttf in Resources */,
				AE489DB51CB62273009B7143 /* music.mp3 in Resources */,
				AE063D141CB5E28500FED27B /* Assets.xcassets in Resources */,
				AE063D1F1CB5E41000FED27B /* pokemon.csv in Resources */,
				AE063D121CB5E28500FED27B /* Main.storyboard in Resources */,
			);
			runOnlyForDeploymentPostprocessing = 0;
		};
/* End PBXResourcesBuildPhase section */

/* Begin PBXShellScriptBuildPhase section */
		2F8574E38A0BF81D857835A5 /* Check Pods Manifest.lock */ = {
			isa = PBXShellScriptBuildPhase;
			buildActionMask = 2147483647;
			files = (
			);
			inputPaths = (
			);
			name = "Check Pods Manifest.lock";
			outputPaths = (
			);
			runOnlyForDeploymentPostprocessing = 0;
			shellPath = /bin/sh;
			shellScript = "diff \"${PODS_ROOT}/../Podfile.lock\" \"${PODS_ROOT}/Manifest.lock\" > /dev/null\nif [[ $? != 0 ]] ; then\n    cat << EOM\nerror: The sandbox is not in sync with the Podfile.lock. Run 'pod install' or update your CocoaPods installation.\nEOM\n    exit 1\nfi\n";
			showEnvVarsInLog = 0;
		};
		9E34187EAF5267ED724D946D /* Embed Pods Frameworks */ = {
			isa = PBXShellScriptBuildPhase;
			buildActionMask = 2147483647;
			files = (
			);
			inputPaths = (
			);
			name = "Embed Pods Frameworks";
			outputPaths = (
			);
			runOnlyForDeploymentPostprocessing = 0;
			shellPath = /bin/sh;
			shellScript = "\"${SRCROOT}/Pods/Target Support Files/Pods-pokedex/Pods-pokedex-frameworks.sh\"\n";
			showEnvVarsInLog = 0;
		};
		ECE193FF739CB5F87AA1B2AA /* Copy Pods Resources */ = {
			isa = PBXShellScriptBuildPhase;
			buildActionMask = 2147483647;
			files = (
			);
			inputPaths = (
			);
			name = "Copy Pods Resources";
			outputPaths = (
			);
			runOnlyForDeploymentPostprocessing = 0;
			shellPath = /bin/sh;
			shellScript = "\"${SRCROOT}/Pods/Target Support Files/Pods-pokedex/Pods-pokedex-resources.sh\"\n";
			showEnvVarsInLog = 0;
		};
/* End PBXShellScriptBuildPhase section */

/* Begin PBXSourcesBuildPhase section */
		AE063D051CB5E28500FED27B /* Sources */ = {
			isa = PBXSourcesBuildPhase;
			buildActionMask = 2147483647;
			files = (
				AE063D251CB5ECDB00FED27B /* PokeCell.swift in Sources */,
				AE063D0F1CB5E28500FED27B /* ViewController.swift in Sources */,
				AE063D0D1CB5E28500FED27B /* AppDelegate.swift in Sources */,
				AE29C8D81CB82ACF00769AB0 /* PokemonDetailVC.swift in Sources */,
				AE07C3D61CB9D0A800427410 /* Constants.swift in Sources */,
				AE063D221CB5E57D00FED27B /* Pokemon.swift in Sources */,
				AE489DAE1CB61B89009B7143 /* csv.swift in Sources */,
			);
			runOnlyForDeploymentPostprocessing = 0;
		};
/* End PBXSourcesBuildPhase section */

/* Begin PBXVariantGroup section */
		AE063D101CB5E28500FED27B /* Main.storyboard */ = {
			isa = PBXVariantGroup;
			children = (
				AE063D111CB5E28500FED27B /* Base */,
			);
			name = Main.storyboard;
			sourceTree = "<group>";
		};
		AE063D151CB5E28500FED27B /* LaunchScreen.storyboard */ = {
			isa = PBXVariantGroup;
			children = (
				AE063D161CB5E28500FED27B /* Base */,
			);
			name = LaunchScreen.storyboard;
			sourceTree = "<group>";
		};
/* End PBXVariantGroup section */

/* Begin XCBuildConfiguration section */
		AE063D191CB5E28500FED27B /* Debug */ = {
			isa = XCBuildConfiguration;
			buildSettings = {
				ALWAYS_SEARCH_USER_PATHS = NO;
				CLANG_ANALYZER_NONNULL = YES;
				CLANG_CXX_LANGUAGE_STANDARD = "gnu++0x";
				CLANG_CXX_LIBRARY = "libc++";
				CLANG_ENABLE_MODULES = YES;
				CLANG_ENABLE_OBJC_ARC = YES;
				CLANG_WARN_BOOL_CONVERSION = YES;
				CLANG_WARN_CONSTANT_CONVERSION = YES;
				CLANG_WARN_DIRECT_OBJC_ISA_USAGE = YES_ERROR;
				CLANG_WARN_EMPTY_BODY = YES;
				CLANG_WARN_ENUM_CONVERSION = YES;
				CLANG_WARN_INT_CONVERSION = YES;
				CLANG_WARN_OBJC_ROOT_CLASS = YES_ERROR;
				CLANG_WARN_UNREACHABLE_CODE = YES;
				CLANG_WARN__DUPLICATE_METHOD_MATCH = YES;
				"CODE_SIGN_IDENTITY[sdk=iphoneos*]" = "iPhone Developer";
				COPY_PHASE_STRIP = NO;
				DEBUG_INFORMATION_FORMAT = dwarf;
				ENABLE_STRICT_OBJC_MSGSEND = YES;
				ENABLE_TESTABILITY = YES;
				GCC_C_LANGUAGE_STANDARD = gnu99;
				GCC_DYNAMIC_NO_PIC = NO;
				GCC_NO_COMMON_BLOCKS = YES;
				GCC_OPTIMIZATION_LEVEL = 0;
				GCC_PREPROCESSOR_DEFINITIONS = (
					"DEBUG=1",
					"$(inherited)",
				);
				GCC_WARN_64_TO_32_BIT_CONVERSION = YES;
				GCC_WARN_ABOUT_RETURN_TYPE = YES_ERROR;
				GCC_WARN_UNDECLARED_SELECTOR = YES;
				GCC_WARN_UNINITIALIZED_AUTOS = YES_AGGRESSIVE;
				GCC_WARN_UNUSED_FUNCTION = YES;
				GCC_WARN_UNUSED_VARIABLE = YES;
				IPHONEOS_DEPLOYMENT_TARGET = 9.3;
				MTL_ENABLE_DEBUG_INFO = YES;
				ONLY_ACTIVE_ARCH = YES;
				SDKROOT = iphoneos;
				SWIFT_OPTIMIZATION_LEVEL = "-Onone";
				TARGETED_DEVICE_FAMILY = "1,2";
			};
			name = Debug;
		};
		AE063D1A1CB5E28500FED27B /* Release */ = {
			isa = XCBuildConfiguration;
			buildSettings = {
				ALWAYS_SEARCH_USER_PATHS = NO;
				CLANG_ANALYZER_NONNULL = YES;
				CLANG_CXX_LANGUAGE_STANDARD = "gnu++0x";
				CLANG_CXX_LIBRARY = "libc++";
				CLANG_ENABLE_MODULES = YES;
				CLANG_ENABLE_OBJC_ARC = YES;
				CLANG_WARN_BOOL_CONVERSION = YES;
				CLANG_WARN_CONSTANT_CONVERSION = YES;
				CLANG_WARN_DIRECT_OBJC_ISA_USAGE = YES_ERROR;
				CLANG_WARN_EMPTY_BODY = YES;
				CLANG_WARN_ENUM_CONVERSION = YES;
				CLANG_WARN_INT_CONVERSION = YES;
				CLANG_WARN_OBJC_ROOT_CLASS = YES_ERROR;
				CLANG_WARN_UNREACHABLE_CODE = YES;
				CLANG_WARN__DUPLICATE_METHOD_MATCH = YES;
				"CODE_SIGN_IDENTITY[sdk=iphoneos*]" = "iPhone Developer";
				COPY_PHASE_STRIP = NO;
				DEBUG_INFORMATION_FORMAT = "dwarf-with-dsym";
				ENABLE_NS_ASSERTIONS = NO;
				ENABLE_STRICT_OBJC_MSGSEND = YES;
				GCC_C_LANGUAGE_STANDARD = gnu99;
				GCC_NO_COMMON_BLOCKS = YES;
				GCC_WARN_64_TO_32_BIT_CONVERSION = YES;
				GCC_WARN_ABOUT_RETURN_TYPE = YES_ERROR;
				GCC_WARN_UNDECLARED_SELECTOR = YES;
				GCC_WARN_UNINITIALIZED_AUTOS = YES_AGGRESSIVE;
				GCC_WARN_UNUSED_FUNCTION = YES;
				GCC_WARN_UNUSED_VARIABLE = YES;
				IPHONEOS_DEPLOYMENT_TARGET = 9.3;
				MTL_ENABLE_DEBUG_INFO = NO;
				SDKROOT = iphoneos;
				TARGETED_DEVICE_FAMILY = "1,2";
				VALIDATE_PRODUCT = YES;
			};
			name = Release;
		};
		AE063D1C1CB5E28500FED27B /* Debug */ = {
			isa = XCBuildConfiguration;
			baseConfigurationReference = 5DD5B7C2429C8FE0A77B44AA /* Pods-pokedex.debug.xcconfig */;
			buildSettings = {
				ASSETCATALOG_COMPILER_APPICON_NAME = AppIcon;
				INFOPLIST_FILE = pokedex/Info.plist;
				LD_RUNPATH_SEARCH_PATHS = "$(inherited) @executable_path/Frameworks";
				PRODUCT_BUNDLE_IDENTIFIER = com.keller.pokedex;
				PRODUCT_NAME = "$(TARGET_NAME)";
			};
			name = Debug;
		};
		AE063D1D1CB5E28500FED27B /* Release */ = {
			isa = XCBuildConfiguration;
			baseConfigurationReference = 5337AB6AE96010ABD86A9721 /* Pods-pokedex.release.xcconfig */;
			buildSettings = {
				ASSETCATALOG_COMPILER_APPICON_NAME = AppIcon;
				INFOPLIST_FILE = pokedex/Info.plist;
				LD_RUNPATH_SEARCH_PATHS = "$(inherited) @executable_path/Frameworks";
				PRODUCT_BUNDLE_IDENTIFIER = com.keller.pokedex;
				PRODUCT_NAME = "$(TARGET_NAME)";
			};
			name = Release;
		};
/* End XCBuildConfiguration section */

/* Begin XCConfigurationList section */
		AE063D041CB5E28500FED27B /* Build configuration list for PBXProject "pokedex" */ = {
			isa = XCConfigurationList;
			buildConfigurations = (
				AE063D191CB5E28500FED27B /* Debug */,
				AE063D1A1CB5E28500FED27B /* Release */,
			);
			defaultConfigurationIsVisible = 0;
			defaultConfigurationName = Release;
		};
		AE063D1B1CB5E28500FED27B /* Build configuration list for PBXNativeTarget "pokedex" */ = {
			isa = XCConfigurationList;
			buildConfigurations = (
				AE063D1C1CB5E28500FED27B /* Debug */,
				AE063D1D1CB5E28500FED27B /* Release */,
			);
			defaultConfigurationIsVisible = 0;
			defaultConfigurationName = Release;
		};
/* End XCConfigurationList section */
	};
	rootObject = AE063D011CB5E28500FED27B /* Project object */;
}
